
Microsoft Visual Studio Solution File, Format Version 12.00
# Visual Studio Version 17
VisualStudioVersion = 17.8.34525.116
MinimumVisualStudioVersion = 10.0.40219.1
Project("{888888A0-9F3D-457C-B088-3A5042F75D52}") = "todo_list.py", "todo_list.py.pyproj", "{D2ED07E9-C271-44F9-9E82-DA118CF34658}"
EndProject
Global
	GlobalSection(SolutionConfigurationPlatforms) = preSolution
		Debug|Any CPU = Debug|Any CPU
		Release|Any CPU = Release|Any CPU
	EndGlobalSection
	GlobalSection(ProjectConfigurationPlatforms) = postSolution
		{D2ED07E9-C271-44F9-9E82-DA118CF34658}.Debug|Any CPU.ActiveCfg = Debug|Any CPU
		{D2ED07E9-C271-44F9-9E82-DA118CF34658}.Release|Any CPU.ActiveCfg = Release|Any CPU
	EndGlobalSection
	GlobalSection(SolutionProperties) = preSolution
		HideSolutionNode = FALSE
	EndGlobalSection
	GlobalSection(ExtensibilityGlobals) = postSolution
		SolutionGuid = {42360F31-98EE-46AE-BC0C-DA1E64F09D95}
	EndGlobalSection
EndGlobal
